// !$*UTF8*$!
{
	archiveVersion = 1;
	classes = {
	};
	objectVersion = 50;
	objects = {

/* Begin PBXBuildFile section */
		2AAC53B821706CE3005C0A5B /* AppDelegate.m in Sources */ = {isa = PBXBuildFile; fileRef = 2AAC53B721706CE3005C0A5B /* AppDelegate.m */; };
		2AAC53BB21706CE3005C0A5B /* ViewController.m in Sources */ = {isa = PBXBuildFile; fileRef = 2AAC53BA21706CE3005C0A5B /* ViewController.m */; };
		2AAC53BE21706CE3005C0A5B /* Main.storyboard in Resources */ = {isa = PBXBuildFile; fileRef = 2AAC53BC21706CE3005C0A5B /* Main.storyboard */; };
		2AAC53C021706CE3005C0A5B /* Assets.xcassets in Resources */ = {isa = PBXBuildFile; fileRef = 2AAC53BF21706CE3005C0A5B /* Assets.xcassets */; };
		2AAC53C321706CE3005C0A5B /* LaunchScreen.storyboard in Resources */ = {isa = PBXBuildFile; fileRef = 2AAC53C121706CE3005C0A5B /* LaunchScreen.storyboard */; };
		2AAC53C621706CE3005C0A5B /* main.m in Sources */ = {isa = PBXBuildFile; fileRef = 2AAC53C521706CE3005C0A5B /* main.m */; };
/* End PBXBuildFile section */

/* Begin PBXFileReference section */
		2AAC53B321706CE3005C0A5B /* YSTMJRefresh.app */ = {isa = PBXFileReference; explicitFileType = wrapper.application; includeInIndex = 0; path = YSTMJRefresh.app; sourceTree = BUILT_PRODUCTS_DIR; };
		2AAC53B621706CE3005C0A5B /* AppDelegate.h */ = {isa = PBXFileReference; lastKnownFileType = sourcecode.c.h; path = AppDelegate.h; sourceTree = "<group>"; };
		2AAC53B721706CE3005C0A5B /* AppDelegate.m */ = {isa = PBXFileReference; lastKnownFileType = sourcecode.c.objc; path = AppDelegate.m; sourceTree = "<group>"; };
		2AAC53B921706CE3005C0A5B /* ViewController.h */ = {isa = PBXFileReference; lastKnownFileType = sourcecode.c.h; path = ViewController.h; sourceTree = "<group>"; };
		2AAC53BA21706CE3005C0A5B /* ViewController.m */ = {isa = PBXFileReference; lastKnownFileType = sourcecode.c.objc; path = ViewController.m; sourceTree = "<group>"; };
		2AAC53BD21706CE3005C0A5B /* Base */ = {isa = PBXFileReference; lastKnownFileType = file.storyboard; name = Base; path = Base.lproj/Main.storyboard; sourceTree = "<group>"; };
		2AAC53BF21706CE3005C0A5B /* Assets.xcassets */ = {isa = PBXFileReference; lastKnownFileType = folder.assetcatalog; path = Assets.xcassets; sourceTree = "<group>"; };
		2AAC53C221706CE3005C0A5B /* Base */ = {isa = PBXFileReference; lastKnownFileType = file.storyboard; name = Base; path = Base.lproj/LaunchScreen.storyboard; sourceTree = "<group>"; };
		2AAC53C421706CE3005C0A5B /* Info.plist */ = {isa = PBXFileReference; lastKnownFileType = text.plist.xml; path = Info.plist; sourceTree = "<group>"; };
		2AAC53C521706CE3005C0A5B /* main.m */ = {isa = PBXFileReference; lastKnownFileType = sourcecode.c.objc; path = main.m; sourceTree = "<group>"; };
/* End PBXFileReference section */

/* Begin PBXFrameworksBuildPhase section */
		2AAC53B021706CE3005C0A5B /* Frameworks */ = {
			isa = PBXFrameworksBuildPhase;
			buildActionMask = 2147483647;
			files = (
			);
			runOnlyForDeploymentPostprocessing = 0;
		};
/* End PBXFrameworksBuildPhase section */

/* Begin PBXGroup section */
		2AAC53AA21706CE3005C0A5B = {
			isa = PBXGroup;
			children = (
				2AAC53B521706CE3005C0A5B /* YSTMJRefresh */,
				2AAC53B421706CE3005C0A5B /* Products */,
			);
			sourceTree = "<group>";
		};
		2AAC53B421706CE3005C0A5B /* Products */ = {
			isa = PBXGroup;
			children = (
				2AAC53B321706CE3005C0A5B /* YSTMJRefresh.app */,
			);
			name = Products;
			sourceTree = "<group>";
		};
		2AAC53B521706CE3005C0A5B /* YSTMJRefresh */ = {
			isa = PBXGroup;
			children = (
				2AAC53B621706CE3005C0A5B /* AppDelegate.h */,
				2AAC53B721706CE3005C0A5B /* AppDelegate.m */,
				2AAC53B921706CE3005C0A5B /* ViewController.h */,
				2AAC53BA21706CE3005C0A5B /* ViewController.m */,
				2AAC53BC21706CE3005C0A5B /* Main.storyboard */,
				2AAC53BF21706CE3005C0A5B /* Assets.xcassets */,
				2AAC53C121706CE3005C0A5B /* LaunchScreen.storyboard */,
				2AAC53C421706CE3005C0A5B /* Info.plist */,
				2AAC53C521706CE3005C0A5B /* main.m */,
			);
			path = YSTMJRefresh;
			sourceTree = "<group>";
		};
/* End PBXGroup section */

/* Begin PBXNativeTarget section */
		2AAC53B221706CE3005C0A5B /* YSTMJRefresh */ = {
			isa = PBXNativeTarget;
			buildConfigurationList = 2AAC53C921706CE3005C0A5B /* Build configuration list for PBXNativeTarget "YSTMJRefresh" */;
			buildPhases = (
				2AAC53AF21706CE3005C0A5B /* Sources */,
				2AAC53B021706CE3005C0A5B /* Frameworks */,
				2AAC53B121706CE3005C0A5B /* Resources */,
			);
			buildRules = (
			);
			dependencies = (
			);
			name = YSTMJRefresh;
			productName = YSTMJRefresh;
			productReference = 2AAC53B321706CE3005C0A5B /* YSTMJRefresh.app */;
			productType = "com.apple.product-type.application";
		};
/* End PBXNativeTarget section */

/* Begin PBXProject section */
		2AAC53AB21706CE3005C0A5B /* Project object */ = {
			isa = PBXProject;
			attributes = {
				LastUpgradeCheck = 1000;
				ORGANIZATIONNAME = "杨书通";
				TargetAttributes = {
					2AAC53B221706CE3005C0A5B = {
						CreatedOnToolsVersion = 10.0;
					};
				};
			};
			buildConfigurationList = 2AAC53AE21706CE3005C0A5B /* Build configuration list for PBXProject "YSTMJRefresh" */;
			compatibilityVersion = "Xcode 9.3";
			developmentRegion = en;
			hasScannedForEncodings = 0;
			knownRegions = (
				en,
				Base,
			);
			mainGroup = 2AAC53AA21706CE3005C0A5B;
			productRefGroup = 2AAC53B421706CE3005C0A5B /* Products */;
			projectDirPath = "";
			projectRoot = "";
			targets = (
				2AAC53B221706CE3005C0A5B /* YSTMJRefresh */,
			);
		};
/* End PBXProject section */

/* Begin PBXResourcesBuildPhase section */
		2AAC53B121706CE3005C0A5B /* Resources */ = {
			isa = PBXResourcesBuildPhase;
			buildActionMask = 2147483647;
			files = (
				2AAC53C321706CE3005C0A5B /* LaunchScreen.storyboard in Resources */,
				2AAC53C021706CE3005C0A5B /* Assets.xcassets in Resources */,
				2AAC53BE21706CE3005C0A5B /* Main.storyboard in Resources */,
			);
			runOnlyForDeploymentPostprocessing = 0;
		};
/* End PBXResourcesBuildPhase section */

/* Begin PBXSourcesBuildPhase section */
		2AAC53AF21706CE3005C0A5B /* Sources */ = {
			isa = PBXSourcesBuildPhase;
			buildActionMask = 2147483647;
			files = (
				2AAC53BB21706CE3005C0A5B /* ViewController.m in Sources */,
				2AAC53C621706CE3005C0A5B /* main.m in Sources */,
				2AAC53B821706CE3005C0A5B /* AppDelegate.m in Sources */,
			);
			runOnlyForDeploymentPostprocessing = 0;
		};
/* End PBXSourcesBuildPhase section */

/* Begin PBXVariantGroup section */
		2AAC53BC21706CE3005C0A5B /* Main.storyboard */ = {
			isa = PBXVariantGroup;
			children = (
				2AAC53BD21706CE3005C0A5B /* Base */,
			);
			name = Main.storyboard;
			sourceTree = "<group>";
		};
		2AAC53C121706CE3005C0A5B /* LaunchScreen.storyboard */ = {
			isa = PBXVariantGroup;
			children = (
				2AAC53C221706CE3005C0A5B /* Base */,
			);
			name = LaunchScreen.storyboard;
			sourceTree = "<group>";
		};
/* End PBXVariantGroup section */

/* Begin XCBuildConfiguration section */
		2AAC53C721706CE3005C0A5B /* Debug */ = {
			isa = XCBuildConfiguration;
			buildSettings = {
				ALWAYS_SEARCH_USER_PATHS = NO;
				CLANG_ANALYZER_NONNULL = YES;
				CLANG_ANALYZER_NUMBER_OBJECT_CONVERSION = YES_AGGRESSIVE;
				CLANG_CXX_LANGUAGE_STANDARD = "gnu++14";
				CLANG_CXX_LIBRARY = "libc++";
				CLANG_ENABLE_MODULES = YES;
				CLANG_ENABLE_OBJC_ARC = YES;
				CLANG_ENABLE_OBJC_WEAK = YES;
				CLANG_WARN_BLOCK_CAPTURE_AUTORELEASING = YES;
				CLANG_WARN_BOOL_CONVERSION = YES;
				CLANG_WARN_COMMA = YES;
				CLANG_WARN_CONSTANT_CONVERSION = YES;
				CLANG_WARN_DEPRECATED_OBJC_IMPLEMENTATIONS = YES;
				CLANG_WARN_DIRECT_OBJC_ISA_USAGE = YES_ERROR;
				CLANG_WARN_DOCUMENTATION_COMMENTS = YES;
				CLANG_WARN_EMPTY_BODY = YES;
				CLANG_WARN_ENUM_CONVERSION = YES;
				CLANG_WARN_INFINITE_RECURSION = YES;
				CLANG_WARN_INT_CONVERSION = YES;
				CLANG_WARN_NON_LITERAL_NULL_CONVERSION = YES;
				CLANG_WARN_OBJC_IMPLICIT_RETAIN_SELF = YES;
				CLANG_WARN_OBJC_LITERAL_CONVERSION = YES;
				CLANG_WARN_OBJC_ROOT_CLASS = YES_ERROR;
				CLANG_WARN_RANGE_LOOP_ANALYSIS = YES;
				CLANG_WARN_STRICT_PROTOTYPES = YES;
				CLANG_WARN_SUSPICIOUS_MOVE = YES;
				CLANG_WARN_UNGUARDED_AVAILABILITY = YES_AGGRESSIVE;
				CLANG_WARN_UNREACHABLE_CODE = YES;
				CLANG_WARN__DUPLICATE_METHOD_MATCH = YES;
				CODE_SIGN_IDENTITY = "iPhone Developer";
				COPY_PHASE_STRIP = NO;
				DEBUG_INFORMATION_FORMAT = dwarf;
				ENABLE_STRICT_OBJC_MSGSEND = YES;
				ENABLE_TESTABILITY = YES;
				GCC_C_LANGUAGE_STANDARD = gnu11;
				GCC_DYNAMIC_NO_PIC = NO;
				GCC_NO_COMMON_BLOCKS = YES;
				GCC_OPTIMIZATION_LEVEL = 0;
				GCC_PREPROCESSOR_DEFINITIONS = (
					"DEBUG=1",
					"$(inherited)",
				);
				GCC_WARN_64_TO_32_BIT_CONVERSION = YES;
				GCC_WARN_ABOUT_RETURN_TYPE = YES_ERROR;
				GCC_WARN_UNDECLARED_SELECTOR = YES;
				GCC_WARN_UNINITIALIZED_AUTOS = YES_AGGRESSIVE;
				GCC_WARN_UNUSED_FUNCTION = YES;
				GCC_WARN_UNUSED_VARIABLE = YES;
				IPHONEOS_DEPLOYMENT_TARGET = 12.0;
				MTL_ENABLE_DEBUG_INFO = INCLUDE_SOURCE;
				MTL_FAST_MATH = YES;
				ONLY_ACTIVE_ARCH = YES;
				SDKROOT = iphoneos;
			};
			name = Debug;
		};
		2AAC53C821706CE3005C0A5B /* Release */ = {
			isa = XCBuildConfiguration;
			buildSettings = {
				ALWAYS_SEARCH_USER_PATHS = NO;
				CLANG_ANALYZER_NONNULL = YES;
				CLANG_ANALYZER_NUMBER_OBJECT_CONVERSION = YES_AGGRESSIVE;
				CLANG_CXX_LANGUAGE_STANDARD = "gnu++14";
				CLANG_CXX_LIBRARY = "libc++";
				CLANG_ENABLE_MODULES = YES;
				CLANG_ENABLE_OBJC_ARC = YES;
				CLANG_ENABLE_OBJC_WEAK = YES;
				CLANG_WARN_BLOCK_CAPTURE_AUTORELEASING = YES;
				CLANG_WARN_BOOL_CONVERSION = YES;
				CLANG_WARN_COMMA = YES;
				CLANG_WARN_CONSTANT_CONVERSION = YES;
				CLANG_WARN_DEPRECATED_OBJC_IMPLEMENTATIONS = YES;
				CLANG_WARN_DIRECT_OBJC_ISA_USAGE = YES_ERROR;
				CLANG_WARN_DOCUMENTATION_COMMENTS = YES;
				CLANG_WARN_EMPTY_BODY = YES;
				CLANG_WARN_ENUM_CONVERSION = YES;
				CLANG_WARN_INFINITE_RECURSION = YES;
				CLANG_WARN_INT_CONVERSION = YES;
				CLANG_WARN_NON_LITERAL_NULL_CONVERSION = YES;
				CLANG_WARN_OBJC_IMPLICIT_RETAIN_SELF = YES;
				CLANG_WARN_OBJC_LITERAL_CONVERSION = YES;
				CLANG_WARN_OBJC_ROOT_CLASS = YES_ERROR;
				CLANG_WARN_RANGE_LOOP_ANALYSIS = YES;
				CLANG_WARN_STRICT_PROTOTYPES = YES;
				CLANG_WARN_SUSPICIOUS_MOVE = YES;
				CLANG_WARN_UNGUARDED_AVAILABILITY = YES_AGGRESSIVE;
				CLANG_WARN_UNREACHABLE_CODE = YES;
				CLANG_WARN__DUPLICATE_METHOD_MATCH = YES;
				CODE_SIGN_IDENTITY = "iPhone Developer";
				COPY_PHASE_STRIP = NO;
				DEBUG_INFORMATION_FORMAT = "dwarf-with-dsym";
				ENABLE_NS_ASSERTIONS = NO;
				ENABLE_STRICT_OBJC_MSGSEND = YES;
				GCC_C_LANGUAGE_STANDARD = gnu11;
				GCC_NO_COMMON_BLOCKS = YES;
				GCC_WARN_64_TO_32_BIT_CONVERSION = YES;
				GCC_WARN_ABOUT_RETURN_TYPE = YES_ERROR;
				GCC_WARN_UNDECLARED_SELECTOR = YES;
				GCC_WARN_UNINITIALIZED_AUTOS = YES_AGGRESSIVE;
				GCC_WARN_UNUSED_FUNCTION = YES;
				GCC_WARN_UNUSED_VARIABLE = YES;
				IPHONEOS_DEPLOYMENT_TARGET = 12.0;
				MTL_ENABLE_DEBUG_INFO = NO;
				MTL_FAST_MATH = YES;
				SDKROOT = iphoneos;
				VALIDATE_PRODUCT = YES;
			};
			name = Release;
		};
		2AAC53CA21706CE3005C0A5B /* Debug */ = {
			isa = XCBuildConfiguration;
			buildSettings = {
				ASSETCATALOG_COMPILER_APPICON_NAME = AppIcon;
				CODE_SIGN_STYLE = Automatic;
				DEVELOPMENT_TEAM = GDTNJJH4S7;
				INFOPLIST_FILE = YSTMJRefresh/Info.plist;
				LD_RUNPATH_SEARCH_PATHS = (
					"$(inherited)",
					"@executable_path/Frameworks",
				);
				PRODUCT_BUNDLE_IDENTIFIER = com.YSTMJRefresh;
				PRODUCT_NAME = "$(TARGET_NAME)";
				TARGETED_DEVICE_FAMILY = "1,2";
			};
			name = Debug;
		};
		2AAC53CB21706CE3005C0A5B /* Release */ = {
			isa = XCBuildConfiguration;
			buildSettings = {
				ASSETCATALOG_COMPILER_APPICON_NAME = AppIcon;
				CODE_SIGN_STYLE = Automatic;
				DEVELOPMENT_TEAM = GDTNJJH4S7;
				INFOPLIST_FILE = YSTMJRefresh/Info.plist;
				LD_RUNPATH_SEARCH_PATHS = (
					"$(inherited)",
					"@executable_path/Frameworks",
				);
				PRODUCT_BUNDLE_IDENTIFIER = com.YSTMJRefresh;
				PRODUCT_NAME = "$(TARGET_NAME)";
				TARGETED_DEVICE_FAMILY = "1,2";
			};
			name = Release;
		};
/* End XCBuildConfiguration section */

/* Begin XCConfigurationList section */
		2AAC53AE21706CE3005C0A5B /* Build configuration list for PBXProject "YSTMJRefresh" */ = {
			isa = XCConfigurationList;
			buildConfigurations = (
				2AAC53C721706CE3005C0A5B /* Debug */,
				2AAC53C821706CE3005C0A5B /* Release */,
			);
			defaultConfigurationIsVisible = 0;
			defaultConfigurationName = Release;
		};
		2AAC53C921706CE3005C0A5B /* Build configuration list for PBXNativeTarget "YSTMJRefresh" */ = {
			isa = XCConfigurationList;
			buildConfigurations = (
				2AAC53CA21706CE3005C0A5B /* Debug */,
				2AAC53CB21706CE3005C0A5B /* Release */,
			);
			defaultConfigurationIsVisible = 0;
			defaultConfigurationName = Release;
		};
/* End XCConfigurationList section */
	};
	rootObject = 2AAC53AB21706CE3005C0A5B /* Project object */;
}
