// !$*UTF8*$!
{
	archiveVersion = 1;
	classes = {
	};
	objectVersion = 50;
	objects = {

/* Begin PBXBuildFile section */
		2AEBD7B8215DDE3A00938ECA /* AppDelegate.m in Sources */ = {isa = PBXBuildFile; fileRef = 2AEBD7B7215DDE3A00938ECA /* AppDelegate.m */; };
		2AEBD7BB215DDE3A00938ECA /* ViewController.m in Sources */ = {isa = PBXBuildFile; fileRef = 2AEBD7BA215DDE3A00938ECA /* ViewController.m */; };
		2AEBD7BE215DDE3A00938ECA /* Main.storyboard in Resources */ = {isa = PBXBuildFile; fileRef = 2AEBD7BC215DDE3A00938ECA /* Main.storyboard */; };
		2AEBD7C0215DDE3A00938ECA /* Assets.xcassets in Resources */ = {isa = PBXBuildFile; fileRef = 2AEBD7BF215DDE3A00938ECA /* Assets.xcassets */; };
		2AEBD7C3215DDE3A00938ECA /* LaunchScreen.storyboard in Resources */ = {isa = PBXBuildFile; fileRef = 2AEBD7C1215DDE3A00938ECA /* LaunchScreen.storyboard */; };
		2AEBD7C6215DDE3A00938ECA /* main.m in Sources */ = {isa = PBXBuildFile; fileRef = 2AEBD7C5215DDE3A00938ECA /* main.m */; };
		2AEBD7D0215DDE3B00938ECA /* MJRefreshTests.m in Sources */ = {isa = PBXBuildFile; fileRef = 2AEBD7CF215DDE3B00938ECA /* MJRefreshTests.m */; };
		2AEBD7DB215DDE3B00938ECA /* MJRefreshUITests.m in Sources */ = {isa = PBXBuildFile; fileRef = 2AEBD7DA215DDE3B00938ECA /* MJRefreshUITests.m */; };
		2AEBD7ED215DE94B00938ECA /* YSRefreshGifHeader.m in Sources */ = {isa = PBXBuildFile; fileRef = 2AEBD7EC215DE94B00938ECA /* YSRefreshGifHeader.m */; };
		9BE25E29B88B3A1C9D455A01 /* Pods_MJRefresh.framework in Frameworks */ = {isa = PBXBuildFile; fileRef = A0D9CC1F94948A0F24F2A8B0 /* Pods_MJRefresh.framework */; };
/* End PBXBuildFile section */

/* Begin PBXContainerItemProxy section */
		2AEBD7CC215DDE3B00938ECA /* PBXContainerItemProxy */ = {
			isa = PBXContainerItemProxy;
			containerPortal = 2AEBD7AB215DDE3A00938ECA /* Project object */;
			proxyType = 1;
			remoteGlobalIDString = 2AEBD7B2215DDE3A00938ECA;
			remoteInfo = MJRefresh;
		};
		2AEBD7D7215DDE3B00938ECA /* PBXContainerItemProxy */ = {
			isa = PBXContainerItemProxy;
			containerPortal = 2AEBD7AB215DDE3A00938ECA /* Project object */;
			proxyType = 1;
			remoteGlobalIDString = 2AEBD7B2215DDE3A00938ECA;
			remoteInfo = MJRefresh;
		};
/* End PBXContainerItemProxy section */

/* Begin PBXFileReference section */
		2AEBD7B3215DDE3A00938ECA /* MJRefresh.app */ = {isa = PBXFileReference; explicitFileType = wrapper.application; includeInIndex = 0; path = MJRefresh.app; sourceTree = BUILT_PRODUCTS_DIR; };
		2AEBD7B6215DDE3A00938ECA /* AppDelegate.h */ = {isa = PBXFileReference; lastKnownFileType = sourcecode.c.h; path = AppDelegate.h; sourceTree = "<group>"; };
		2AEBD7B7215DDE3A00938ECA /* AppDelegate.m */ = {isa = PBXFileReference; lastKnownFileType = sourcecode.c.objc; path = AppDelegate.m; sourceTree = "<group>"; };
		2AEBD7B9215DDE3A00938ECA /* ViewController.h */ = {isa = PBXFileReference; lastKnownFileType = sourcecode.c.h; path = ViewController.h; sourceTree = "<group>"; };
		2AEBD7BA215DDE3A00938ECA /* ViewController.m */ = {isa = PBXFileReference; lastKnownFileType = sourcecode.c.objc; path = ViewController.m; sourceTree = "<group>"; };
		2AEBD7BD215DDE3A00938ECA /* Base */ = {isa = PBXFileReference; lastKnownFileType = file.storyboard; name = Base; path = Base.lproj/Main.storyboard; sourceTree = "<group>"; };
		2AEBD7BF215DDE3A00938ECA /* Assets.xcassets */ = {isa = PBXFileReference; lastKnownFileType = folder.assetcatalog; path = Assets.xcassets; sourceTree = "<group>"; };
		2AEBD7C2215DDE3A00938ECA /* Base */ = {isa = PBXFileReference; lastKnownFileType = file.storyboard; name = Base; path = Base.lproj/LaunchScreen.storyboard; sourceTree = "<group>"; };
		2AEBD7C4215DDE3A00938ECA /* Info.plist */ = {isa = PBXFileReference; lastKnownFileType = text.plist.xml; path = Info.plist; sourceTree = "<group>"; };
		2AEBD7C5215DDE3A00938ECA /* main.m */ = {isa = PBXFileReference; lastKnownFileType = sourcecode.c.objc; path = main.m; sourceTree = "<group>"; };
		2AEBD7CB215DDE3B00938ECA /* MJRefreshTests.xctest */ = {isa = PBXFileReference; explicitFileType = wrapper.cfbundle; includeInIndex = 0; path = MJRefreshTests.xctest; sourceTree = BUILT_PRODUCTS_DIR; };
		2AEBD7CF215DDE3B00938ECA /* MJRefreshTests.m */ = {isa = PBXFileReference; lastKnownFileType = sourcecode.c.objc; path = MJRefreshTests.m; sourceTree = "<group>"; };
		2AEBD7D1215DDE3B00938ECA /* Info.plist */ = {isa = PBXFileReference; lastKnownFileType = text.plist.xml; path = Info.plist; sourceTree = "<group>"; };
		2AEBD7D6215DDE3B00938ECA /* MJRefreshUITests.xctest */ = {isa = PBXFileReference; explicitFileType = wrapper.cfbundle; includeInIndex = 0; path = MJRefreshUITests.xctest; sourceTree = BUILT_PRODUCTS_DIR; };
		2AEBD7DA215DDE3B00938ECA /* MJRefreshUITests.m */ = {isa = PBXFileReference; lastKnownFileType = sourcecode.c.objc; path = MJRefreshUITests.m; sourceTree = "<group>"; };
		2AEBD7DC215DDE3B00938ECA /* Info.plist */ = {isa = PBXFileReference; lastKnownFileType = text.plist.xml; path = Info.plist; sourceTree = "<group>"; };
		2AEBD7EB215DE94B00938ECA /* YSRefreshGifHeader.h */ = {isa = PBXFileReference; lastKnownFileType = sourcecode.c.h; path = YSRefreshGifHeader.h; sourceTree = "<group>"; };
		2AEBD7EC215DE94B00938ECA /* YSRefreshGifHeader.m */ = {isa = PBXFileReference; lastKnownFileType = sourcecode.c.objc; path = YSRefreshGifHeader.m; sourceTree = "<group>"; };
		3AB366B4439AC01434816758 /* Pods-MJRefresh.release.xcconfig */ = {isa = PBXFileReference; includeInIndex = 1; lastKnownFileType = text.xcconfig; name = "Pods-MJRefresh.release.xcconfig"; path = "Pods/Target Support Files/Pods-MJRefresh/Pods-MJRefresh.release.xcconfig"; sourceTree = "<group>"; };
		A0D9CC1F94948A0F24F2A8B0 /* Pods_MJRefresh.framework */ = {isa = PBXFileReference; explicitFileType = wrapper.framework; includeInIndex = 0; path = Pods_MJRefresh.framework; sourceTree = BUILT_PRODUCTS_DIR; };
		E6DA9A3F10C6FF13C4450669 /* Pods-MJRefresh.debug.xcconfig */ = {isa = PBXFileReference; includeInIndex = 1; lastKnownFileType = text.xcconfig; name = "Pods-MJRefresh.debug.xcconfig"; path = "Pods/Target Support Files/Pods-MJRefresh/Pods-MJRefresh.debug.xcconfig"; sourceTree = "<group>"; };
/* End PBXFileReference section */

/* Begin PBXFrameworksBuildPhase section */
		2AEBD7B0215DDE3A00938ECA /* Frameworks */ = {
			isa = PBXFrameworksBuildPhase;
			buildActionMask = 2147483647;
			files = (
				9BE25E29B88B3A1C9D455A01 /* Pods_MJRefresh.framework in Frameworks */,
			);
			runOnlyForDeploymentPostprocessing = 0;
		};
		2AEBD7C8215DDE3B00938ECA /* Frameworks */ = {
			isa = PBXFrameworksBuildPhase;
			buildActionMask = 2147483647;
			files = (
			);
			runOnlyForDeploymentPostprocessing = 0;
		};
		2AEBD7D3215DDE3B00938ECA /* Frameworks */ = {
			isa = PBXFrameworksBuildPhase;
			buildActionMask = 2147483647;
			files = (
			);
			runOnlyForDeploymentPostprocessing = 0;
		};
/* End PBXFrameworksBuildPhase section */

/* Begin PBXGroup section */
		2AEBD7AA215DDE3A00938ECA = {
			isa = PBXGroup;
			children = (
				2AEBD7B5215DDE3A00938ECA /* MJRefresh */,
				2AEBD7CE215DDE3B00938ECA /* MJRefreshTests */,
				2AEBD7D9215DDE3B00938ECA /* MJRefreshUITests */,
				2AEBD7B4215DDE3A00938ECA /* Products */,
				726272531A2E9FA7BE6ACA98 /* Pods */,
				76EA0658FFA3B52F8A0EBE90 /* Frameworks */,
			);
			sourceTree = "<group>";
		};
		2AEBD7B4215DDE3A00938ECA /* Products */ = {
			isa = PBXGroup;
			children = (
				2AEBD7B3215DDE3A00938ECA /* MJRefresh.app */,
				2AEBD7CB215DDE3B00938ECA /* MJRefreshTests.xctest */,
				2AEBD7D6215DDE3B00938ECA /* MJRefreshUITests.xctest */,
			);
			name = Products;
			sourceTree = "<group>";
		};
		2AEBD7B5215DDE3A00938ECA /* MJRefresh */ = {
			isa = PBXGroup;
			children = (
				2AEBD7B6215DDE3A00938ECA /* AppDelegate.h */,
				2AEBD7B7215DDE3A00938ECA /* AppDelegate.m */,
				2AEBD7B9215DDE3A00938ECA /* ViewController.h */,
				2AEBD7BA215DDE3A00938ECA /* ViewController.m */,
				2AEBD7EB215DE94B00938ECA /* YSRefreshGifHeader.h */,
				2AEBD7EC215DE94B00938ECA /* YSRefreshGifHeader.m */,
				2AEBD7BC215DDE3A00938ECA /* Main.storyboard */,
				2AEBD7BF215DDE3A00938ECA /* Assets.xcassets */,
				2AEBD7C1215DDE3A00938ECA /* LaunchScreen.storyboard */,
				2AEBD7C4215DDE3A00938ECA /* Info.plist */,
				2AEBD7C5215DDE3A00938ECA /* main.m */,
			);
			path = MJRefresh;
			sourceTree = "<group>";
		};
		2AEBD7CE215DDE3B00938ECA /* MJRefreshTests */ = {
			isa = PBXGroup;
			children = (
				2AEBD7CF215DDE3B00938ECA /* MJRefreshTests.m */,
				2AEBD7D1215DDE3B00938ECA /* Info.plist */,
			);
			path = MJRefreshTests;
			sourceTree = "<group>";
		};
		2AEBD7D9215DDE3B00938ECA /* MJRefreshUITests */ = {
			isa = PBXGroup;
			children = (
				2AEBD7DA215DDE3B00938ECA /* MJRefreshUITests.m */,
				2AEBD7DC215DDE3B00938ECA /* Info.plist */,
			);
			path = MJRefreshUITests;
			sourceTree = "<group>";
		};
		726272531A2E9FA7BE6ACA98 /* Pods */ = {
			isa = PBXGroup;
			children = (
				E6DA9A3F10C6FF13C4450669 /* Pods-MJRefresh.debug.xcconfig */,
				3AB366B4439AC01434816758 /* Pods-MJRefresh.release.xcconfig */,
			);
			name = Pods;
			sourceTree = "<group>";
		};
		76EA0658FFA3B52F8A0EBE90 /* Frameworks */ = {
			isa = PBXGroup;
			children = (
				A0D9CC1F94948A0F24F2A8B0 /* Pods_MJRefresh.framework */,
			);
			name = Frameworks;
			sourceTree = "<group>";
		};
/* End PBXGroup section */

/* Begin PBXNativeTarget section */
		2AEBD7B2215DDE3A00938ECA /* MJRefresh */ = {
			isa = PBXNativeTarget;
			buildConfigurationList = 2AEBD7DF215DDE3B00938ECA /* Build configuration list for PBXNativeTarget "MJRefresh" */;
			buildPhases = (
				5A98ABF312CC0D59F28A186C /* [CP] Check Pods Manifest.lock */,
				2AEBD7AF215DDE3A00938ECA /* Sources */,
				2AEBD7B0215DDE3A00938ECA /* Frameworks */,
				2AEBD7B1215DDE3A00938ECA /* Resources */,
				2D10F78A7C2A4D1F09A0C7DB /* [CP] Embed Pods Frameworks */,
			);
			buildRules = (
			);
			dependencies = (
			);
			name = MJRefresh;
			productName = MJRefresh;
			productReference = 2AEBD7B3215DDE3A00938ECA /* MJRefresh.app */;
			productType = "com.apple.product-type.application";
		};
		2AEBD7CA215DDE3B00938ECA /* MJRefreshTests */ = {
			isa = PBXNativeTarget;
			buildConfigurationList = 2AEBD7E2215DDE3B00938ECA /* Build configuration list for PBXNativeTarget "MJRefreshTests" */;
			buildPhases = (
				2AEBD7C7215DDE3B00938ECA /* Sources */,
				2AEBD7C8215DDE3B00938ECA /* Frameworks */,
				2AEBD7C9215DDE3B00938ECA /* Resources */,
			);
			buildRules = (
			);
			dependencies = (
				2AEBD7CD215DDE3B00938ECA /* PBXTargetDependency */,
			);
			name = MJRefreshTests;
			productName = MJRefreshTests;
			productReference = 2AEBD7CB215DDE3B00938ECA /* MJRefreshTests.xctest */;
			productType = "com.apple.product-type.bundle.unit-test";
		};
		2AEBD7D5215DDE3B00938ECA /* MJRefreshUITests */ = {
			isa = PBXNativeTarget;
			buildConfigurationList = 2AEBD7E5215DDE3B00938ECA /* Build configuration list for PBXNativeTarget "MJRefreshUITests" */;
			buildPhases = (
				2AEBD7D2215DDE3B00938ECA /* Sources */,
				2AEBD7D3215DDE3B00938ECA /* Frameworks */,
				2AEBD7D4215DDE3B00938ECA /* Resources */,
			);
			buildRules = (
			);
			dependencies = (
				2AEBD7D8215DDE3B00938ECA /* PBXTargetDependency */,
			);
			name = MJRefreshUITests;
			productName = MJRefreshUITests;
			productReference = 2AEBD7D6215DDE3B00938ECA /* MJRefreshUITests.xctest */;
			productType = "com.apple.product-type.bundle.ui-testing";
		};
/* End PBXNativeTarget section */

/* Begin PBXProject section */
		2AEBD7AB215DDE3A00938ECA /* Project object */ = {
			isa = PBXProject;
			attributes = {
				LastUpgradeCheck = 1000;
				ORGANIZATIONNAME = "杨书通";
				TargetAttributes = {
					2AEBD7B2215DDE3A00938ECA = {
						CreatedOnToolsVersion = 10.0;
					};
					2AEBD7CA215DDE3B00938ECA = {
						CreatedOnToolsVersion = 10.0;
						TestTargetID = 2AEBD7B2215DDE3A00938ECA;
					};
					2AEBD7D5215DDE3B00938ECA = {
						CreatedOnToolsVersion = 10.0;
						TestTargetID = 2AEBD7B2215DDE3A00938ECA;
					};
				};
			};
			buildConfigurationList = 2AEBD7AE215DDE3A00938ECA /* Build configuration list for PBXProject "MJRefresh" */;
			compatibilityVersion = "Xcode 9.3";
			developmentRegion = en;
			hasScannedForEncodings = 0;
			knownRegions = (
				en,
				Base,
			);
			mainGroup = 2AEBD7AA215DDE3A00938ECA;
			productRefGroup = 2AEBD7B4215DDE3A00938ECA /* Products */;
			projectDirPath = "";
			projectRoot = "";
			targets = (
				2AEBD7B2215DDE3A00938ECA /* MJRefresh */,
				2AEBD7CA215DDE3B00938ECA /* MJRefreshTests */,
				2AEBD7D5215DDE3B00938ECA /* MJRefreshUITests */,
			);
		};
/* End PBXProject section */

/* Begin PBXResourcesBuildPhase section */
		2AEBD7B1215DDE3A00938ECA /* Resources */ = {
			isa = PBXResourcesBuildPhase;
			buildActionMask = 2147483647;
			files = (
				2AEBD7C3215DDE3A00938ECA /* LaunchScreen.storyboard in Resources */,
				2AEBD7C0215DDE3A00938ECA /* Assets.xcassets in Resources */,
				2AEBD7BE215DDE3A00938ECA /* Main.storyboard in Resources */,
			);
			runOnlyForDeploymentPostprocessing = 0;
		};
		2AEBD7C9215DDE3B00938ECA /* Resources */ = {
			isa = PBXResourcesBuildPhase;
			buildActionMask = 2147483647;
			files = (
			);
			runOnlyForDeploymentPostprocessing = 0;
		};
		2AEBD7D4215DDE3B00938ECA /* Resources */ = {
			isa = PBXResourcesBuildPhase;
			buildActionMask = 2147483647;
			files = (
			);
			runOnlyForDeploymentPostprocessing = 0;
		};
/* End PBXResourcesBuildPhase section */

/* Begin PBXShellScriptBuildPhase section */
		2D10F78A7C2A4D1F09A0C7DB /* [CP] Embed Pods Frameworks */ = {
			isa = PBXShellScriptBuildPhase;
			buildActionMask = 2147483647;
			files = (
			);
			inputPaths = (
				"${SRCROOT}/Pods/Target Support Files/Pods-MJRefresh/Pods-MJRefresh-frameworks.sh",
				"${BUILT_PRODUCTS_DIR}/MJRefresh/MJRefresh.framework",
			);
			name = "[CP] Embed Pods Frameworks";
			outputPaths = (
				"${TARGET_BUILD_DIR}/${FRAMEWORKS_FOLDER_PATH}/MJRefresh.framework",
			);
			runOnlyForDeploymentPostprocessing = 0;
			shellPath = /bin/sh;
			shellScript = "\"${SRCROOT}/Pods/Target Support Files/Pods-MJRefresh/Pods-MJRefresh-frameworks.sh\"\n";
			showEnvVarsInLog = 0;
		};
		5A98ABF312CC0D59F28A186C /* [CP] Check Pods Manifest.lock */ = {
			isa = PBXShellScriptBuildPhase;
			buildActionMask = 2147483647;
			files = (
			);
			inputPaths = (
				"${PODS_PODFILE_DIR_PATH}/Podfile.lock",
				"${PODS_ROOT}/Manifest.lock",
			);
			name = "[CP] Check Pods Manifest.lock";
			outputPaths = (
				"$(DERIVED_FILE_DIR)/Pods-MJRefresh-checkManifestLockResult.txt",
			);
			runOnlyForDeploymentPostprocessing = 0;
			shellPath = /bin/sh;
			shellScript = "diff \"${PODS_PODFILE_DIR_PATH}/Podfile.lock\" \"${PODS_ROOT}/Manifest.lock\" > /dev/null\nif [ $? != 0 ] ; then\n    # print error to STDERR\n    echo \"error: The sandbox is not in sync with the Podfile.lock. Run 'pod install' or update your CocoaPods installation.\" >&2\n    exit 1\nfi\n# This output is used by Xcode 'outputs' to avoid re-running this script phase.\necho \"SUCCESS\" > \"${SCRIPT_OUTPUT_FILE_0}\"\n";
			showEnvVarsInLog = 0;
		};
/* End PBXShellScriptBuildPhase section */

/* Begin PBXSourcesBuildPhase section */
		2AEBD7AF215DDE3A00938ECA /* Sources */ = {
			isa = PBXSourcesBuildPhase;
			buildActionMask = 2147483647;
			files = (
				2AEBD7BB215DDE3A00938ECA /* ViewController.m in Sources */,
				2AEBD7ED215DE94B00938ECA /* YSRefreshGifHeader.m in Sources */,
				2AEBD7C6215DDE3A00938ECA /* main.m in Sources */,
				2AEBD7B8215DDE3A00938ECA /* AppDelegate.m in Sources */,
			);
			runOnlyForDeploymentPostprocessing = 0;
		};
		2AEBD7C7215DDE3B00938ECA /* Sources */ = {
			isa = PBXSourcesBuildPhase;
			buildActionMask = 2147483647;
			files = (
				2AEBD7D0215DDE3B00938ECA /* MJRefreshTests.m in Sources */,
			);
			runOnlyForDeploymentPostprocessing = 0;
		};
		2AEBD7D2215DDE3B00938ECA /* Sources */ = {
			isa = PBXSourcesBuildPhase;
			buildActionMask = 2147483647;
			files = (
				2AEBD7DB215DDE3B00938ECA /* MJRefreshUITests.m in Sources */,
			);
			runOnlyForDeploymentPostprocessing = 0;
		};
/* End PBXSourcesBuildPhase section */

/* Begin PBXTargetDependency section */
		2AEBD7CD215DDE3B00938ECA /* PBXTargetDependency */ = {
			isa = PBXTargetDependency;
			target = 2AEBD7B2215DDE3A00938ECA /* MJRefresh */;
			targetProxy = 2AEBD7CC215DDE3B00938ECA /* PBXContainerItemProxy */;
		};
		2AEBD7D8215DDE3B00938ECA /* PBXTargetDependency */ = {
			isa = PBXTargetDependency;
			target = 2AEBD7B2215DDE3A00938ECA /* MJRefresh */;
			targetProxy = 2AEBD7D7215DDE3B00938ECA /* PBXContainerItemProxy */;
		};
/* End PBXTargetDependency section */

/* Begin PBXVariantGroup section */
		2AEBD7BC215DDE3A00938ECA /* Main.storyboard */ = {
			isa = PBXVariantGroup;
			children = (
				2AEBD7BD215DDE3A00938ECA /* Base */,
			);
			name = Main.storyboard;
			sourceTree = "<group>";
		};
		2AEBD7C1215DDE3A00938ECA /* LaunchScreen.storyboard */ = {
			isa = PBXVariantGroup;
			children = (
				2AEBD7C2215DDE3A00938ECA /* Base */,
			);
			name = LaunchScreen.storyboard;
			sourceTree = "<group>";
		};
/* End PBXVariantGroup section */

/* Begin XCBuildConfiguration section */
		2AEBD7DD215DDE3B00938ECA /* Debug */ = {
			isa = XCBuildConfiguration;
			buildSettings = {
				ALWAYS_SEARCH_USER_PATHS = NO;
				CLANG_ANALYZER_NONNULL = YES;
				CLANG_ANALYZER_NUMBER_OBJECT_CONVERSION = YES_AGGRESSIVE;
				CLANG_CXX_LANGUAGE_STANDARD = "gnu++14";
				CLANG_CXX_LIBRARY = "libc++";
				CLANG_ENABLE_MODULES = YES;
				CLANG_ENABLE_OBJC_ARC = YES;
				CLANG_ENABLE_OBJC_WEAK = YES;
				CLANG_WARN_BLOCK_CAPTURE_AUTORELEASING = YES;
				CLANG_WARN_BOOL_CONVERSION = YES;
				CLANG_WARN_COMMA = YES;
				CLANG_WARN_CONSTANT_CONVERSION = YES;
				CLANG_WARN_DEPRECATED_OBJC_IMPLEMENTATIONS = YES;
				CLANG_WARN_DIRECT_OBJC_ISA_USAGE = YES_ERROR;
				CLANG_WARN_DOCUMENTATION_COMMENTS = YES;
				CLANG_WARN_EMPTY_BODY = YES;
				CLANG_WARN_ENUM_CONVERSION = YES;
				CLANG_WARN_INFINITE_RECURSION = YES;
				CLANG_WARN_INT_CONVERSION = YES;
				CLANG_WARN_NON_LITERAL_NULL_CONVERSION = YES;
				CLANG_WARN_OBJC_IMPLICIT_RETAIN_SELF = YES;
				CLANG_WARN_OBJC_LITERAL_CONVERSION = YES;
				CLANG_WARN_OBJC_ROOT_CLASS = YES_ERROR;
				CLANG_WARN_RANGE_LOOP_ANALYSIS = YES;
				CLANG_WARN_STRICT_PROTOTYPES = YES;
				CLANG_WARN_SUSPICIOUS_MOVE = YES;
				CLANG_WARN_UNGUARDED_AVAILABILITY = YES_AGGRESSIVE;
				CLANG_WARN_UNREACHABLE_CODE = YES;
				CLANG_WARN__DUPLICATE_METHOD_MATCH = YES;
				CODE_SIGN_IDENTITY = "iPhone Developer";
				COPY_PHASE_STRIP = NO;
				DEBUG_INFORMATION_FORMAT = dwarf;
				ENABLE_STRICT_OBJC_MSGSEND = YES;
				ENABLE_TESTABILITY = YES;
				GCC_C_LANGUAGE_STANDARD = gnu11;
				GCC_DYNAMIC_NO_PIC = NO;
				GCC_NO_COMMON_BLOCKS = YES;
				GCC_OPTIMIZATION_LEVEL = 0;
				GCC_PREPROCESSOR_DEFINITIONS = (
					"DEBUG=1",
					"$(inherited)",
				);
				GCC_WARN_64_TO_32_BIT_CONVERSION = YES;
				GCC_WARN_ABOUT_RETURN_TYPE = YES_ERROR;
				GCC_WARN_UNDECLARED_SELECTOR = YES;
				GCC_WARN_UNINITIALIZED_AUTOS = YES_AGGRESSIVE;
				GCC_WARN_UNUSED_FUNCTION = YES;
				GCC_WARN_UNUSED_VARIABLE = YES;
				IPHONEOS_DEPLOYMENT_TARGET = 12.0;
				MTL_ENABLE_DEBUG_INFO = INCLUDE_SOURCE;
				MTL_FAST_MATH = YES;
				ONLY_ACTIVE_ARCH = YES;
				SDKROOT = iphoneos;
			};
			name = Debug;
		};
		2AEBD7DE215DDE3B00938ECA /* Release */ = {
			isa = XCBuildConfiguration;
			buildSettings = {
				ALWAYS_SEARCH_USER_PATHS = NO;
				CLANG_ANALYZER_NONNULL = YES;
				CLANG_ANALYZER_NUMBER_OBJECT_CONVERSION = YES_AGGRESSIVE;
				CLANG_CXX_LANGUAGE_STANDARD = "gnu++14";
				CLANG_CXX_LIBRARY = "libc++";
				CLANG_ENABLE_MODULES = YES;
				CLANG_ENABLE_OBJC_ARC = YES;
				CLANG_ENABLE_OBJC_WEAK = YES;
				CLANG_WARN_BLOCK_CAPTURE_AUTORELEASING = YES;
				CLANG_WARN_BOOL_CONVERSION = YES;
				CLANG_WARN_COMMA = YES;
				CLANG_WARN_CONSTANT_CONVERSION = YES;
				CLANG_WARN_DEPRECATED_OBJC_IMPLEMENTATIONS = YES;
				CLANG_WARN_DIRECT_OBJC_ISA_USAGE = YES_ERROR;
				CLANG_WARN_DOCUMENTATION_COMMENTS = YES;
				CLANG_WARN_EMPTY_BODY = YES;
				CLANG_WARN_ENUM_CONVERSION = YES;
				CLANG_WARN_INFINITE_RECURSION = YES;
				CLANG_WARN_INT_CONVERSION = YES;
				CLANG_WARN_NON_LITERAL_NULL_CONVERSION = YES;
				CLANG_WARN_OBJC_IMPLICIT_RETAIN_SELF = YES;
				CLANG_WARN_OBJC_LITERAL_CONVERSION = YES;
				CLANG_WARN_OBJC_ROOT_CLASS = YES_ERROR;
				CLANG_WARN_RANGE_LOOP_ANALYSIS = YES;
				CLANG_WARN_STRICT_PROTOTYPES = YES;
				CLANG_WARN_SUSPICIOUS_MOVE = YES;
				CLANG_WARN_UNGUARDED_AVAILABILITY = YES_AGGRESSIVE;
				CLANG_WARN_UNREACHABLE_CODE = YES;
				CLANG_WARN__DUPLICATE_METHOD_MATCH = YES;
				CODE_SIGN_IDENTITY = "iPhone Developer";
				COPY_PHASE_STRIP = NO;
				DEBUG_INFORMATION_FORMAT = "dwarf-with-dsym";
				ENABLE_NS_ASSERTIONS = NO;
				ENABLE_STRICT_OBJC_MSGSEND = YES;
				GCC_C_LANGUAGE_STANDARD = gnu11;
				GCC_NO_COMMON_BLOCKS = YES;
				GCC_WARN_64_TO_32_BIT_CONVERSION = YES;
				GCC_WARN_ABOUT_RETURN_TYPE = YES_ERROR;
				GCC_WARN_UNDECLARED_SELECTOR = YES;
				GCC_WARN_UNINITIALIZED_AUTOS = YES_AGGRESSIVE;
				GCC_WARN_UNUSED_FUNCTION = YES;
				GCC_WARN_UNUSED_VARIABLE = YES;
				IPHONEOS_DEPLOYMENT_TARGET = 12.0;
				MTL_ENABLE_DEBUG_INFO = NO;
				MTL_FAST_MATH = YES;
				SDKROOT = iphoneos;
				VALIDATE_PRODUCT = YES;
			};
			name = Release;
		};
		2AEBD7E0215DDE3B00938ECA /* Debug */ = {
			isa = XCBuildConfiguration;
			baseConfigurationReference = E6DA9A3F10C6FF13C4450669 /* Pods-MJRefresh.debug.xcconfig */;
			buildSettings = {
				ASSETCATALOG_COMPILER_APPICON_NAME = AppIcon;
				CODE_SIGN_STYLE = Automatic;
				DEVELOPMENT_TEAM = GDTNJJH4S7;
				INFOPLIST_FILE = MJRefresh/Info.plist;
				LD_RUNPATH_SEARCH_PATHS = (
					"$(inherited)",
					"@executable_path/Frameworks",
				);
				PRODUCT_BUNDLE_IDENTIFIER = com.MJRefresh;
				PRODUCT_NAME = "$(TARGET_NAME)";
				TARGETED_DEVICE_FAMILY = "1,2";
			};
			name = Debug;
		};
		2AEBD7E1215DDE3B00938ECA /* Release */ = {
			isa = XCBuildConfiguration;
			baseConfigurationReference = 3AB366B4439AC01434816758 /* Pods-MJRefresh.release.xcconfig */;
			buildSettings = {
				ASSETCATALOG_COMPILER_APPICON_NAME = AppIcon;
				CODE_SIGN_STYLE = Automatic;
				DEVELOPMENT_TEAM = GDTNJJH4S7;
				INFOPLIST_FILE = MJRefresh/Info.plist;
				LD_RUNPATH_SEARCH_PATHS = (
					"$(inherited)",
					"@executable_path/Frameworks",
				);
				PRODUCT_BUNDLE_IDENTIFIER = com.MJRefresh;
				PRODUCT_NAME = "$(TARGET_NAME)";
				TARGETED_DEVICE_FAMILY = "1,2";
			};
			name = Release;
		};
		2AEBD7E3215DDE3B00938ECA /* Debug */ = {
			isa = XCBuildConfiguration;
			buildSettings = {
				BUNDLE_LOADER = "$(TEST_HOST)";
				CODE_SIGN_STYLE = Automatic;
				DEVELOPMENT_TEAM = GDTNJJH4S7;
				INFOPLIST_FILE = MJRefreshTests/Info.plist;
				LD_RUNPATH_SEARCH_PATHS = (
					"$(inherited)",
					"@executable_path/Frameworks",
					"@loader_path/Frameworks",
				);
				PRODUCT_BUNDLE_IDENTIFIER = com.MJRefreshTests;
				PRODUCT_NAME = "$(TARGET_NAME)";
				TARGETED_DEVICE_FAMILY = "1,2";
				TEST_HOST = "$(BUILT_PRODUCTS_DIR)/MJRefresh.app/MJRefresh";
			};
			name = Debug;
		};
		2AEBD7E4215DDE3B00938ECA /* Release */ = {
			isa = XCBuildConfiguration;
			buildSettings = {
				BUNDLE_LOADER = "$(TEST_HOST)";
				CODE_SIGN_STYLE = Automatic;
				DEVELOPMENT_TEAM = GDTNJJH4S7;
				INFOPLIST_FILE = MJRefreshTests/Info.plist;
				LD_RUNPATH_SEARCH_PATHS = (
					"$(inherited)",
					"@executable_path/Frameworks",
					"@loader_path/Frameworks",
				);
				PRODUCT_BUNDLE_IDENTIFIER = com.MJRefreshTests;
				PRODUCT_NAME = "$(TARGET_NAME)";
				TARGETED_DEVICE_FAMILY = "1,2";
				TEST_HOST = "$(BUILT_PRODUCTS_DIR)/MJRefresh.app/MJRefresh";
			};
			name = Release;
		};
		2AEBD7E6215DDE3B00938ECA /* Debug */ = {
			isa = XCBuildConfiguration;
			buildSettings = {
				CODE_SIGN_STYLE = Automatic;
				DEVELOPMENT_TEAM = GDTNJJH4S7;
				INFOPLIST_FILE = MJRefreshUITests/Info.plist;
				LD_RUNPATH_SEARCH_PATHS = (
					"$(inherited)",
					"@executable_path/Frameworks",
					"@loader_path/Frameworks",
				);
				PRODUCT_BUNDLE_IDENTIFIER = com.MJRefreshUITests;
				PRODUCT_NAME = "$(TARGET_NAME)";
				TARGETED_DEVICE_FAMILY = "1,2";
				TEST_TARGET_NAME = MJRefresh;
			};
			name = Debug;
		};
		2AEBD7E7215DDE3B00938ECA /* Release */ = {
			isa = XCBuildConfiguration;
			buildSettings = {
				CODE_SIGN_STYLE = Automatic;
				DEVELOPMENT_TEAM = GDTNJJH4S7;
				INFOPLIST_FILE = MJRefreshUITests/Info.plist;
				LD_RUNPATH_SEARCH_PATHS = (
					"$(inherited)",
					"@executable_path/Frameworks",
					"@loader_path/Frameworks",
				);
				PRODUCT_BUNDLE_IDENTIFIER = com.MJRefreshUITests;
				PRODUCT_NAME = "$(TARGET_NAME)";
				TARGETED_DEVICE_FAMILY = "1,2";
				TEST_TARGET_NAME = MJRefresh;
			};
			name = Release;
		};
/* End XCBuildConfiguration section */

/* Begin XCConfigurationList section */
		2AEBD7AE215DDE3A00938ECA /* Build configuration list for PBXProject "MJRefresh" */ = {
			isa = XCConfigurationList;
			buildConfigurations = (
				2AEBD7DD215DDE3B00938ECA /* Debug */,
				2AEBD7DE215DDE3B00938ECA /* Release */,
			);
			defaultConfigurationIsVisible = 0;
			defaultConfigurationName = Release;
		};
		2AEBD7DF215DDE3B00938ECA /* Build configuration list for PBXNativeTarget "MJRefresh" */ = {
			isa = XCConfigurationList;
			buildConfigurations = (
				2AEBD7E0215DDE3B00938ECA /* Debug */,
				2AEBD7E1215DDE3B00938ECA /* Release */,
			);
			defaultConfigurationIsVisible = 0;
			defaultConfigurationName = Release;
		};
		2AEBD7E2215DDE3B00938ECA /* Build configuration list for PBXNativeTarget "MJRefreshTests" */ = {
			isa = XCConfigurationList;
			buildConfigurations = (
				2AEBD7E3215DDE3B00938ECA /* Debug */,
				2AEBD7E4215DDE3B00938ECA /* Release */,
			);
			defaultConfigurationIsVisible = 0;
			defaultConfigurationName = Release;
		};
		2AEBD7E5215DDE3B00938ECA /* Build configuration list for PBXNativeTarget "MJRefreshUITests" */ = {
			isa = XCConfigurationList;
			buildConfigurations = (
				2AEBD7E6215DDE3B00938ECA /* Debug */,
				2AEBD7E7215DDE3B00938ECA /* Release */,
			);
			defaultConfigurationIsVisible = 0;
			defaultConfigurationName = Release;
		};
/* End XCConfigurationList section */
	};
	rootObject = 2AEBD7AB215DDE3A00938ECA /* Project object */;
}
